
Microsoft Visual Studio Solution File, Format Version 12.00
# Visual Studio Version 16
VisualStudioVersion = 16.0.30717.126
MinimumVisualStudioVersion = 10.0.40219.1
Project("{FAE04EC0-301F-11D3-BF4B-00C04F79EFBC}") = "6", "6\6.csproj", "{B209CCF9-364D-41FD-AE8A-E4D2A6D3DD89}"
EndProject
Global
	GlobalSection(SolutionConfigurationPlatforms) = preSolution
		Debug|Any CPU = Debug|Any CPU
		Release|Any CPU = Release|Any CPU
	EndGlobalSection
	GlobalSection(ProjectConfigurationPlatforms) = postSolution
		{B209CCF9-364D-41FD-AE8A-E4D2A6D3DD89}.Debug|Any CPU.ActiveCfg = Debug|Any CPU
		{B209CCF9-364D-41FD-AE8A-E4D2A6D3DD89}.Debug|Any CPU.Build.0 = Debug|Any CPU
		{B209CCF9-364D-41FD-AE8A-E4D2A6D3DD89}.Release|Any CPU.ActiveCfg = Release|Any CPU
		{B209CCF9-364D-41FD-AE8A-E4D2A6D3DD89}.Release|Any CPU.Build.0 = Release|Any CPU
	EndGlobalSection
	GlobalSection(SolutionProperties) = preSolution
		HideSolutionNode = FALSE
	EndGlobalSection
	GlobalSection(ExtensibilityGlobals) = postSolution
		SolutionGuid = {C8F89F43-58FD-4FFA-85F9-7633154E1189}
	EndGlobalSection
EndGlobal
