
Microsoft Visual Studio Solution File, Format Version 12.00
# Visual Studio Version 16
VisualStudioVersion = 16.0.30717.126
MinimumVisualStudioVersion = 10.0.40219.1
Project("{FAE04EC0-301F-11D3-BF4B-00C04F79EFBC}") = "13", "13\13.csproj", "{6873E3A9-4D12-41BB-99EE-5A91B2E06E02}"
EndProject
Global
	GlobalSection(SolutionConfigurationPlatforms) = preSolution
		Debug|Any CPU = Debug|Any CPU
		Release|Any CPU = Release|Any CPU
	EndGlobalSection
	GlobalSection(ProjectConfigurationPlatforms) = postSolution
		{6873E3A9-4D12-41BB-99EE-5A91B2E06E02}.Debug|Any CPU.ActiveCfg = Debug|Any CPU
		{6873E3A9-4D12-41BB-99EE-5A91B2E06E02}.Debug|Any CPU.Build.0 = Debug|Any CPU
		{6873E3A9-4D12-41BB-99EE-5A91B2E06E02}.Release|Any CPU.ActiveCfg = Release|Any CPU
		{6873E3A9-4D12-41BB-99EE-5A91B2E06E02}.Release|Any CPU.Build.0 = Release|Any CPU
	EndGlobalSection
	GlobalSection(SolutionProperties) = preSolution
		HideSolutionNode = FALSE
	EndGlobalSection
	GlobalSection(ExtensibilityGlobals) = postSolution
		SolutionGuid = {8CD026EF-DDBE-46DF-BC69-E22152975AA9}
	EndGlobalSection
EndGlobal
