
Microsoft Visual Studio Solution File, Format Version 12.00
# Visual Studio Version 16
VisualStudioVersion = 16.0.30717.126
MinimumVisualStudioVersion = 10.0.40219.1
Project("{FAE04EC0-301F-11D3-BF4B-00C04F79EFBC}") = "14", "14\14.csproj", "{66680831-8014-4110-873F-5ECE0242195C}"
EndProject
Global
	GlobalSection(SolutionConfigurationPlatforms) = preSolution
		Debug|Any CPU = Debug|Any CPU
		Release|Any CPU = Release|Any CPU
	EndGlobalSection
	GlobalSection(ProjectConfigurationPlatforms) = postSolution
		{66680831-8014-4110-873F-5ECE0242195C}.Debug|Any CPU.ActiveCfg = Debug|Any CPU
		{66680831-8014-4110-873F-5ECE0242195C}.Debug|Any CPU.Build.0 = Debug|Any CPU
		{66680831-8014-4110-873F-5ECE0242195C}.Release|Any CPU.ActiveCfg = Release|Any CPU
		{66680831-8014-4110-873F-5ECE0242195C}.Release|Any CPU.Build.0 = Release|Any CPU
	EndGlobalSection
	GlobalSection(SolutionProperties) = preSolution
		HideSolutionNode = FALSE
	EndGlobalSection
	GlobalSection(ExtensibilityGlobals) = postSolution
		SolutionGuid = {077B1FC1-BE80-4C8E-9662-45B35E1931C1}
	EndGlobalSection
EndGlobal
